
Microsoft Visual Studio Solution File, Format Version 12.00
# Visual Studio Version 17
VisualStudioVersion = 17.12.35707.178
MinimumVisualStudioVersion = 10.0.40219.1
Project("{FAE04EC0-301F-11D3-BF4B-00C04F79EFBC}") = "Alquileres", "Alquileres.csproj", "{CA916D70-AD5B-4C55-9AB7-02FAF349273B}"
EndProject
Global
	GlobalSection(SolutionConfigurationPlatforms) = preSolution
		Debug|Any CPU = Debug|Any CPU
		Debug|ARM64 = Debug|ARM64
		Release|Any CPU = Release|Any CPU
		Release|ARM64 = Release|ARM64
	EndGlobalSection
	GlobalSection(ProjectConfigurationPlatforms) = postSolution
		{CA916D70-AD5B-4C55-9AB7-02FAF349273B}.Debug|Any CPU.ActiveCfg = Debug|Any CPU
		{CA916D70-AD5B-4C55-9AB7-02FAF349273B}.Debug|Any CPU.Build.0 = Debug|Any CPU
		{CA916D70-AD5B-4C55-9AB7-02FAF349273B}.Debug|ARM64.ActiveCfg = Debug|Any CPU
		{CA916D70-AD5B-4C55-9AB7-02FAF349273B}.Debug|ARM64.Build.0 = Debug|Any CPU
		{CA916D70-AD5B-4C55-9AB7-02FAF349273B}.Release|Any CPU.ActiveCfg = Release|Any CPU
		{CA916D70-AD5B-4C55-9AB7-02FAF349273B}.Release|Any CPU.Build.0 = Release|Any CPU
		{CA916D70-AD5B-4C55-9AB7-02FAF349273B}.Release|ARM64.ActiveCfg = Release|Any CPU
		{CA916D70-AD5B-4C55-9AB7-02FAF349273B}.Release|ARM64.Build.0 = Release|Any CPU
	EndGlobalSection
	GlobalSection(SolutionProperties) = preSolution
		HideSolutionNode = FALSE
	EndGlobalSection
EndGlobal
